
Microsoft Visual Studio Solution File, Format Version 12.00
# Visual Studio 15
VisualStudioVersion = 15.0.28307.168
MinimumVisualStudioVersion = 10.0.40219.1
Project("{FAE04EC0-301F-11D3-BF4B-00C04F79EFBC}") = "JsonCalc", "JsonCalc\JsonCalc.csproj", "{0FB7E82D-AA53-45F2-B870-7459178F96BE}"
EndProject
Global
	GlobalSection(SolutionConfigurationPlatforms) = preSolution
		Debug|Any CPU = Debug|Any CPU
		Release|Any CPU = Release|Any CPU
	EndGlobalSection
	GlobalSection(ProjectConfigurationPlatforms) = postSolution
		{0FB7E82D-AA53-45F2-B870-7459178F96BE}.Debug|Any CPU.ActiveCfg = Debug|Any CPU
		{0FB7E82D-AA53-45F2-B870-7459178F96BE}.Debug|Any CPU.Build.0 = Debug|Any CPU
		{0FB7E82D-AA53-45F2-B870-7459178F96BE}.Release|Any CPU.ActiveCfg = Release|Any CPU
		{0FB7E82D-AA53-45F2-B870-7459178F96BE}.Release|Any CPU.Build.0 = Release|Any CPU
	EndGlobalSection
	GlobalSection(SolutionProperties) = preSolution
		HideSolutionNode = FALSE
	EndGlobalSection
	GlobalSection(ExtensibilityGlobals) = postSolution
		SolutionGuid = {36979696-F729-45BA-95F4-071B2C099A91}
	EndGlobalSection
EndGlobal
